{
  "name": "anomchat",
  "lockfileVersion": 3,
  "requires": true,
  "packages": {},
  "description": "Aplikasi grup chat anonim",
  "main": "server.js",
  "scripts": {
    "start": "node server.js"
  },
  "dependencies": {
    "express": "^4.17.1",
    "socket.io": "^4.0.0",
    "mongoose": "^5.12.3",
    "multer": "^1.4.5-lts.1"
  }
}